// !$*UTF8*$!
{
	archiveVersion = 1;
	classes = {
	};
	objectVersion = 77;
	objects = {

/* Begin PBXBuildFile section */
		7DB8AB39E665EBFBF191651B /* ReferenceExamplesHomeView.swift in Sources */ = {isa = PBXBuildFile; fileRef = C8D406535CDBFA0E8114C43D /* ReferenceExamplesHomeView.swift */; };
		8B1CF21283E6DA8465838208 /* ReferenceExamplesApp.swift in Sources */ = {isa = PBXBuildFile; fileRef = 92DDD8CEEE0BFA69F4AF7ABD /* ReferenceExamplesApp.swift */; };
		9A9534192F83E8AB00F5F87F /* Textual in Frameworks */ = {isa = PBXBuildFile; productRef = 9A9534182F83E8AB00F5F87F /* Textual */; };
		9AB0D6372FB7F0DA001FB12D /* Riverpods in Frameworks */ = {isa = PBXBuildFile; productRef = 9AB0D6362FB7F0DA001FB12D /* Riverpods */; };
		9AD747FD2F9D00FE008D66BB /* StateKit in Frameworks */ = {isa = PBXBuildFile; productRef = 9AD747FC2F9D00FE008D66BB /* StateKit */; };
		9AD747FF2F9D00FE008D66BB /* StateKitAtoms in Frameworks */ = {isa = PBXBuildFile; productRef = 9AD747FE2F9D00FE008D66BB /* StateKitAtoms */; };
		9AD748012F9D00FE008D66BB /* StateKitCombine in Frameworks */ = {isa = PBXBuildFile; productRef = 9AD748002F9D00FE008D66BB /* StateKitCombine */; };
		9AD748032F9D00FE008D66BB /* StateKitCore in Frameworks */ = {isa = PBXBuildFile; productRef = 9AD748022F9D00FE008D66BB /* StateKitCore */; };
		9AD748052F9D00FE008D66BB /* StateKitDevTools in Frameworks */ = {isa = PBXBuildFile; productRef = 9AD748042F9D00FE008D66BB /* StateKitDevTools */; };
		9AD748072F9D00FE008D66BB /* StateKitSupport in Frameworks */ = {isa = PBXBuildFile; productRef = 9AD748062F9D00FE008D66BB /* StateKitSupport */; };
		9AD748092F9D00FE008D66BB /* StateKitTesting in Frameworks */ = {isa = PBXBuildFile; productRef = 9AD748082F9D00FE008D66BB /* StateKitTesting */; };
		9AD7480B2F9D00FE008D66BB /* StateKitUI in Frameworks */ = {isa = PBXBuildFile; productRef = 9AD7480A2F9D00FE008D66BB /* StateKitUI */; };
		EC5E79392F659FF8006164B0 /* StateKit in Frameworks */ = {isa = PBXBuildFile; productRef = EC5E79382F659FF8006164B0 /* StateKit */; };
		EC5E793B2F659FF8006164B0 /* StateKitCombine in Frameworks */ = {isa = PBXBuildFile; productRef = EC5E793A2F659FF8006164B0 /* StateKitCombine */; };
		EC5E793D2F659FF8006164B0 /* StateKitCore in Frameworks */ = {isa = PBXBuildFile; productRef = EC5E793C2F659FF8006164B0 /* StateKitCore */; };
		EC5E793F2F659FF8006164B0 /* StateKitDevTools in Frameworks */ = {isa = PBXBuildFile; productRef = EC5E793E2F659FF8006164B0 /* StateKitDevTools */; };
		EC5E79412F659FF8006164B0 /* StateKitSupport in Frameworks */ = {isa = PBXBuildFile; productRef = EC5E79402F659FF8006164B0 /* StateKitSupport */; };
		EC5E79432F659FF8006164B0 /* StateKitTesting in Frameworks */ = {isa = PBXBuildFile; productRef = EC5E79422F659FF8006164B0 /* StateKitTesting */; };
		EC5E79452F659FF8006164B0 /* StateKitUI in Frameworks */ = {isa = PBXBuildFile; productRef = EC5E79442F659FF8006164B0 /* StateKitUI */; };
		9015484E82CED73D04CFCE6A /* AnalyticsExample.swift in Sources */ = {isa = PBXBuildFile; fileRef = B6E04C9550FCE714162A9E13 /* AnalyticsExample.swift */; };
		6D8A0DA58D5AECF9F6917904 /* ArchitectureShowcaseExample.swift in Sources */ = {isa = PBXBuildFile; fileRef = 29FA04915A2CAF87982A5F84 /* ArchitectureShowcaseExample.swift */; };
		EBE8C1AE0FADB35464063C0B /* AsyncHookMacroExample.swift in Sources */ = {isa = PBXBuildFile; fileRef = 6C9B796297EF11F81F455958 /* AsyncHookMacroExample.swift */; };
		6FEAC3B19D6D1B9980F857C0 /* AtomMacrosExtendedExample.swift in Sources */ = {isa = PBXBuildFile; fileRef = 672C81DEB1EC1BF567088D43 /* AtomMacrosExtendedExample.swift */; };
		F6959878EE98103C20FF4E31 /* CacheExample.swift in Sources */ = {isa = PBXBuildFile; fileRef = 54EBF3E115996A3622C06F52 /* CacheExample.swift */; };
		07CBC4F706CE3936DA1FCFBE /* CloudKitIntegrationExample.swift in Sources */ = {isa = PBXBuildFile; fileRef = ADD3150C8B2756EC8E402E2D /* CloudKitIntegrationExample.swift */; };
		EAE95F8D8C06532E95F579A1 /* ComputedMacroExample.swift in Sources */ = {isa = PBXBuildFile; fileRef = C93372C51324A01DB4F2E066 /* ComputedMacroExample.swift */; };
		1A8F3AB7AECDB6329A9344D3 /* ECommerceAppExample.swift in Sources */ = {isa = PBXBuildFile; fileRef = 19B7A8FA57EA4A0E3A980C6A /* ECommerceAppExample.swift */; };
		ABFABD6F60A18F7845C3F579 /* FamilyMacrosExample.swift in Sources */ = {isa = PBXBuildFile; fileRef = 0532D64523016B931F971824 /* FamilyMacrosExample.swift */; };
		7A9EAFB51A43E6EEE8439035 /* FeatureFlagsExample.swift in Sources */ = {isa = PBXBuildFile; fileRef = 89B7F482B8F07A896AA9741E /* FeatureFlagsExample.swift */; };
		21C68815C10B3D635E556A87 /* HookMacrosExtendedExample.swift in Sources */ = {isa = PBXBuildFile; fileRef = A6C01263F11330AB197045F5 /* HookMacrosExtendedExample.swift */; };
		5F010FB922C9B852EC9D0ACF /* Nine_New_Macros_Examples.swift in Sources */ = {isa = PBXBuildFile; fileRef = 79819EF9405A07EE2DBD221B /* Nine_New_Macros_Examples.swift */; };
		72AB23F9A3C6DD878638A558 /* ObservableStateMacroExample.swift in Sources */ = {isa = PBXBuildFile; fileRef = 7D81A51F91E4D9EFF331B9E5 /* ObservableStateMacroExample.swift */; };
		A8E9AD7A06B05B94E2EE0542 /* PerformanceOptimizationExample.swift in Sources */ = {isa = PBXBuildFile; fileRef = 5B6C15698AB1582788F523C9 /* PerformanceOptimizationExample.swift */; };
		95C3F925452E5885CBE1B508 /* StateKitFullShowcase.swift in Sources */ = {isa = PBXBuildFile; fileRef = 1DD82E8CC4E40A48011A860C /* StateKitFullShowcase.swift */; };
		67DE14E4C9679569ADE017C4 /* SwiftDataIntegrationExample.swift in Sources */ = {isa = PBXBuildFile; fileRef = 209C095E053FEEB60721D6C3 /* SwiftDataIntegrationExample.swift */; };
		93AD6B746325BBECDB951CD0 /* VisionOSExample.swift in Sources */ = {isa = PBXBuildFile; fileRef = 32F75FB6956AFB9E015CD39B /* VisionOSExample.swift */; };
/* End PBXBuildFile section */

/* Begin PBXFileReference section */
		92DDD8CEEE0BFA69F4AF7ABD /* ReferenceExamplesApp.swift */ = {isa = PBXFileReference; includeInIndex = 1; lastKnownFileType = sourcecode.swift; path = ReferenceExamplesApp.swift; sourceTree = "<group>"; };
		B87EC1F4C264C56DF8FF0BFD /* ReferenceExamplesApp.app */ = {isa = PBXFileReference; explicitFileType = wrapper.application; includeInIndex = 0; path = ReferenceExamplesApp.app; sourceTree = BUILT_PRODUCTS_DIR; };
		C8D406535CDBFA0E8114C43D /* ReferenceExamplesHomeView.swift */ = {isa = PBXFileReference; includeInIndex = 1; lastKnownFileType = sourcecode.swift; path = ReferenceExamplesHomeView.swift; sourceTree = "<group>"; };
		ECADE9C32F65345E00B4D816 /* CaseStudies.app */ = {isa = PBXFileReference; explicitFileType = wrapper.application; includeInIndex = 0; path = CaseStudies.app; sourceTree = BUILT_PRODUCTS_DIR; };
		B6E04C9550FCE714162A9E13 /* AnalyticsExample.swift */ = {isa = PBXFileReference; includeInIndex = 1; lastKnownFileType = sourcecode.swift; path = AnalyticsExample.swift; sourceTree = "<group>"; };
		29FA04915A2CAF87982A5F84 /* ArchitectureShowcaseExample.swift */ = {isa = PBXFileReference; includeInIndex = 1; lastKnownFileType = sourcecode.swift; path = ArchitectureShowcaseExample.swift; sourceTree = "<group>"; };
		6C9B796297EF11F81F455958 /* AsyncHookMacroExample.swift */ = {isa = PBXFileReference; includeInIndex = 1; lastKnownFileType = sourcecode.swift; path = AsyncHookMacroExample.swift; sourceTree = "<group>"; };
		672C81DEB1EC1BF567088D43 /* AtomMacrosExtendedExample.swift */ = {isa = PBXFileReference; includeInIndex = 1; lastKnownFileType = sourcecode.swift; path = AtomMacrosExtendedExample.swift; sourceTree = "<group>"; };
		54EBF3E115996A3622C06F52 /* CacheExample.swift */ = {isa = PBXFileReference; includeInIndex = 1; lastKnownFileType = sourcecode.swift; path = CacheExample.swift; sourceTree = "<group>"; };
		ADD3150C8B2756EC8E402E2D /* CloudKitIntegrationExample.swift */ = {isa = PBXFileReference; includeInIndex = 1; lastKnownFileType = sourcecode.swift; path = CloudKitIntegrationExample.swift; sourceTree = "<group>"; };
		C93372C51324A01DB4F2E066 /* ComputedMacroExample.swift */ = {isa = PBXFileReference; includeInIndex = 1; lastKnownFileType = sourcecode.swift; path = ComputedMacroExample.swift; sourceTree = "<group>"; };
		19B7A8FA57EA4A0E3A980C6A /* ECommerceAppExample.swift */ = {isa = PBXFileReference; includeInIndex = 1; lastKnownFileType = sourcecode.swift; path = ECommerceAppExample.swift; sourceTree = "<group>"; };
		0532D64523016B931F971824 /* FamilyMacrosExample.swift */ = {isa = PBXFileReference; includeInIndex = 1; lastKnownFileType = sourcecode.swift; path = FamilyMacrosExample.swift; sourceTree = "<group>"; };
		89B7F482B8F07A896AA9741E /* FeatureFlagsExample.swift */ = {isa = PBXFileReference; includeInIndex = 1; lastKnownFileType = sourcecode.swift; path = FeatureFlagsExample.swift; sourceTree = "<group>"; };
		A6C01263F11330AB197045F5 /* HookMacrosExtendedExample.swift */ = {isa = PBXFileReference; includeInIndex = 1; lastKnownFileType = sourcecode.swift; path = HookMacrosExtendedExample.swift; sourceTree = "<group>"; };
		79819EF9405A07EE2DBD221B /* Nine_New_Macros_Examples.swift */ = {isa = PBXFileReference; includeInIndex = 1; lastKnownFileType = sourcecode.swift; path = Nine_New_Macros_Examples.swift; sourceTree = "<group>"; };
		7D81A51F91E4D9EFF331B9E5 /* ObservableStateMacroExample.swift */ = {isa = PBXFileReference; includeInIndex = 1; lastKnownFileType = sourcecode.swift; path = ObservableStateMacroExample.swift; sourceTree = "<group>"; };
		5B6C15698AB1582788F523C9 /* PerformanceOptimizationExample.swift */ = {isa = PBXFileReference; includeInIndex = 1; lastKnownFileType = sourcecode.swift; path = PerformanceOptimizationExample.swift; sourceTree = "<group>"; };
		1DD82E8CC4E40A48011A860C /* StateKitFullShowcase.swift */ = {isa = PBXFileReference; includeInIndex = 1; lastKnownFileType = sourcecode.swift; path = StateKitFullShowcase.swift; sourceTree = "<group>"; };
		209C095E053FEEB60721D6C3 /* SwiftDataIntegrationExample.swift */ = {isa = PBXFileReference; includeInIndex = 1; lastKnownFileType = sourcecode.swift; path = SwiftDataIntegrationExample.swift; sourceTree = "<group>"; };
		32F75FB6956AFB9E015CD39B /* VisionOSExample.swift */ = {isa = PBXFileReference; includeInIndex = 1; lastKnownFileType = sourcecode.swift; path = VisionOSExample.swift; sourceTree = "<group>"; };
/* End PBXFileReference section */

/* Begin PBXFileSystemSynchronizedRootGroup section */
		ECADE9C52F65345E00B4D816 /* CaseStudies */ = {
			isa = PBXFileSystemSynchronizedRootGroup;
			path = CaseStudies;
			sourceTree = "<group>";
		};
/* End PBXFileSystemSynchronizedRootGroup section */

/* Begin PBXFrameworksBuildPhase section */
		5877E4597F6512C76164D51E /* Frameworks */ = {
			isa = PBXFrameworksBuildPhase;
			buildActionMask = 2147483647;
			files = (
				9AB0D6372FB7F0DA001FB12D /* Riverpods in Frameworks */,
				9AD747FD2F9D00FE008D66BB /* StateKit in Frameworks */,
				9AD747FF2F9D00FE008D66BB /* StateKitAtoms in Frameworks */,
				9AD748072F9D00FE008D66BB /* StateKitSupport in Frameworks */,
				9AD7480B2F9D00FE008D66BB /* StateKitUI in Frameworks */,
			);
			runOnlyForDeploymentPostprocessing = 0;
		};
		ECADE9C02F65345E00B4D816 /* Frameworks */ = {
			isa = PBXFrameworksBuildPhase;
			buildActionMask = 2147483647;
			files = (
				9AD748012F9D00FE008D66BB /* StateKitCombine in Frameworks */,
				9AD7480B2F9D00FE008D66BB /* StateKitUI in Frameworks */,
				EC5E79452F659FF8006164B0 /* StateKitUI in Frameworks */,
				9AD748032F9D00FE008D66BB /* StateKitCore in Frameworks */,
				EC5E79392F659FF8006164B0 /* StateKit in Frameworks */,
				EC5E793F2F659FF8006164B0 /* StateKitDevTools in Frameworks */,
				9AB0D6372FB7F0DA001FB12D /* Riverpods in Frameworks */,
				9AD748072F9D00FE008D66BB /* StateKitSupport in Frameworks */,
				EC5E79412F659FF8006164B0 /* StateKitSupport in Frameworks */,
				EC5E793B2F659FF8006164B0 /* StateKitCombine in Frameworks */,
				EC5E79432F659FF8006164B0 /* StateKitTesting in Frameworks */,
				9AD747FF2F9D00FE008D66BB /* StateKitAtoms in Frameworks */,
				9AD748092F9D00FE008D66BB /* StateKitTesting in Frameworks */,
				9A9534192F83E8AB00F5F87F /* Textual in Frameworks */,
				9AD748052F9D00FE008D66BB /* StateKitDevTools in Frameworks */,
				EC5E793D2F659FF8006164B0 /* StateKitCore in Frameworks */,
				9AD747FD2F9D00FE008D66BB /* StateKit in Frameworks */,
			);
			runOnlyForDeploymentPostprocessing = 0;
		};
/* End PBXFrameworksBuildPhase section */

/* Begin PBXGroup section */
		73B5A17C601EDF5B9500FC24 /* ReferenceExamplesApp */ = {
			isa = PBXGroup;
			children = (
				92DDD8CEEE0BFA69F4AF7ABD /* ReferenceExamplesApp.swift */,
				C8D406535CDBFA0E8114C43D /* ReferenceExamplesHomeView.swift */,
				D0ED1E26CDADBC9703F09FDC /* ReferenceExamples */,
			);
			path = ReferenceExamplesApp;
			sourceTree = "<group>";
		};
		8E18760C145746E625E5FCE3 /* iOS */ = {
			isa = PBXGroup;
			children = (
			);
			name = iOS;
			sourceTree = "<group>";
		};
		EC5AA6912F6540660038B7C9 /* Frameworks */ = {
			isa = PBXGroup;
			children = (
				8E18760C145746E625E5FCE3 /* iOS */,
			);
			name = Frameworks;
			sourceTree = "<group>";
		};
		ECADE9BA2F65345E00B4D816 = {
			isa = PBXGroup;
			children = (
				ECADE9C52F65345E00B4D816 /* CaseStudies */,
				EC5AA6912F6540660038B7C9 /* Frameworks */,
				ECADE9C42F65345E00B4D816 /* Products */,
				73B5A17C601EDF5B9500FC24 /* ReferenceExamplesApp */,
			);
			sourceTree = "<group>";
		};
		ECADE9C42F65345E00B4D816 /* Products */ = {
			isa = PBXGroup;
			children = (
				ECADE9C32F65345E00B4D816 /* CaseStudies.app */,
				B87EC1F4C264C56DF8FF0BFD /* ReferenceExamplesApp.app */,
			);
			name = Products;
			sourceTree = "<group>";
		};

		D0ED1E26CDADBC9703F09FDC /* ReferenceExamples */ = {
			isa = PBXGroup;
			children = (
				B6E04C9550FCE714162A9E13 /* AnalyticsExample.swift */,
				29FA04915A2CAF87982A5F84 /* ArchitectureShowcaseExample.swift */,
				6C9B796297EF11F81F455958 /* AsyncHookMacroExample.swift */,
				672C81DEB1EC1BF567088D43 /* AtomMacrosExtendedExample.swift */,
				54EBF3E115996A3622C06F52 /* CacheExample.swift */,
				ADD3150C8B2756EC8E402E2D /* CloudKitIntegrationExample.swift */,
				C93372C51324A01DB4F2E066 /* ComputedMacroExample.swift */,
				19B7A8FA57EA4A0E3A980C6A /* ECommerceAppExample.swift */,
				0532D64523016B931F971824 /* FamilyMacrosExample.swift */,
				89B7F482B8F07A896AA9741E /* FeatureFlagsExample.swift */,
				A6C01263F11330AB197045F5 /* HookMacrosExtendedExample.swift */,
				79819EF9405A07EE2DBD221B /* Nine_New_Macros_Examples.swift */,
				7D81A51F91E4D9EFF331B9E5 /* ObservableStateMacroExample.swift */,
				5B6C15698AB1582788F523C9 /* PerformanceOptimizationExample.swift */,
				1DD82E8CC4E40A48011A860C /* StateKitFullShowcase.swift */,
				209C095E053FEEB60721D6C3 /* SwiftDataIntegrationExample.swift */,
				32F75FB6956AFB9E015CD39B /* VisionOSExample.swift */,
			);
			path = ReferenceExamples;
			sourceTree = "<group>";
		};
/* End PBXGroup section */

/* Begin PBXNativeTarget section */
		2D4FABA2036C3158A1979476 /* ReferenceExamplesApp */ = {
			isa = PBXNativeTarget;
			buildConfigurationList = B34968BD7828C16DE0D87B7F /* Build configuration list for PBXNativeTarget "ReferenceExamplesApp" */;
			buildPhases = (
				F3599F7559F452FF86D06818 /* Sources */,
				5877E4597F6512C76164D51E /* Frameworks */,
				2C195178160683CF26328DCF /* Resources */,
			);
			buildRules = (
			);
			dependencies = (
			);
			name = ReferenceExamplesApp;
			packageProductDependencies = (
				9AD747FC2F9D00FE008D66BB /* StateKit */,
				9AD747FE2F9D00FE008D66BB /* StateKitAtoms */,
				9AD748062F9D00FE008D66BB /* StateKitSupport */,
				9AD7480A2F9D00FE008D66BB /* StateKitUI */,
				9AB0D6362FB7F0DA001FB12D /* Riverpods */,
			);
			productName = ReferenceExamplesApp;
			productReference = B87EC1F4C264C56DF8FF0BFD /* ReferenceExamplesApp.app */;
			productType = "com.apple.product-type.application";
		};
		ECADE9C22F65345E00B4D816 /* CaseStudies */ = {
			isa = PBXNativeTarget;
			buildConfigurationList = ECADE9CE2F65345F00B4D816 /* Build configuration list for PBXNativeTarget "CaseStudies" */;
			buildPhases = (
				ECADE9BF2F65345E00B4D816 /* Sources */,
				ECADE9C02F65345E00B4D816 /* Frameworks */,
				ECADE9C12F65345E00B4D816 /* Resources */,
			);
			buildRules = (
			);
			dependencies = (
			);
			fileSystemSynchronizedGroups = (
				ECADE9C52F65345E00B4D816 /* CaseStudies */,
			);
			name = CaseStudies;
			packageProductDependencies = (
				EC5E79382F659FF8006164B0 /* StateKit */,
				EC5E793A2F659FF8006164B0 /* StateKitCombine */,
				EC5E793C2F659FF8006164B0 /* StateKitCore */,
				EC5E793E2F659FF8006164B0 /* StateKitDevTools */,
				EC5E79402F659FF8006164B0 /* StateKitSupport */,
				EC5E79422F659FF8006164B0 /* StateKitTesting */,
				EC5E79442F659FF8006164B0 /* StateKitUI */,
				9A9534182F83E8AB00F5F87F /* Textual */,
				9AD747FC2F9D00FE008D66BB /* StateKit */,
				9AD747FE2F9D00FE008D66BB /* StateKitAtoms */,
				9AD748002F9D00FE008D66BB /* StateKitCombine */,
				9AD748022F9D00FE008D66BB /* StateKitCore */,
				9AD748042F9D00FE008D66BB /* StateKitDevTools */,
				9AD748062F9D00FE008D66BB /* StateKitSupport */,
				9AD748082F9D00FE008D66BB /* StateKitTesting */,
				9AD7480A2F9D00FE008D66BB /* StateKitUI */,
				9AB0D6362FB7F0DA001FB12D /* Riverpods */,
			);
			productName = CaseStudies;
			productReference = ECADE9C32F65345E00B4D816 /* CaseStudies.app */;
			productType = "com.apple.product-type.application";
		};
/* End PBXNativeTarget section */

/* Begin PBXProject section */
		ECADE9BB2F65345E00B4D816 /* Project object */ = {
			isa = PBXProject;
			attributes = {
				BuildIndependentTargetsInParallel = 1;
				LastSwiftUpdateCheck = 2620;
				LastUpgradeCheck = 2640;
				TargetAttributes = {
					ECADE9C22F65345E00B4D816 = {
						CreatedOnToolsVersion = 26.2;
					};
				};
			};
			buildConfigurationList = ECADE9BE2F65345E00B4D816 /* Build configuration list for PBXProject "CaseStudies" */;
			developmentRegion = en;
			hasScannedForEncodings = 0;
			knownRegions = (
				en,
				Base,
			);
			mainGroup = ECADE9BA2F65345E00B4D816;
			minimizedProjectReferenceProxies = 1;
			packageReferences = (
				9A9534172F83E8AB00F5F87F /* XCRemoteSwiftPackageReference "textual" */,
				9AD747FB2F9D00FE008D66BB /* XCLocalSwiftPackageReference "../../../state-kit" */,
			);
			preferredProjectObjectVersion = 77;
			productRefGroup = ECADE9C42F65345E00B4D816 /* Products */;
			projectDirPath = "";
			projectRoot = "";
			targets = (
				ECADE9C22F65345E00B4D816 /* CaseStudies */,
				2D4FABA2036C3158A1979476 /* ReferenceExamplesApp */,
			);
		};
/* End PBXProject section */

/* Begin PBXResourcesBuildPhase section */
		2C195178160683CF26328DCF /* Resources */ = {
			isa = PBXResourcesBuildPhase;
			buildActionMask = 2147483647;
			files = (
			);
			runOnlyForDeploymentPostprocessing = 0;
		};
		ECADE9C12F65345E00B4D816 /* Resources */ = {
			isa = PBXResourcesBuildPhase;
			buildActionMask = 2147483647;
			files = (
			);
			runOnlyForDeploymentPostprocessing = 0;
		};
/* End PBXResourcesBuildPhase section */

/* Begin PBXSourcesBuildPhase section */
		ECADE9BF2F65345E00B4D816 /* Sources */ = {
			isa = PBXSourcesBuildPhase;
			buildActionMask = 2147483647;
			files = (
			);
			runOnlyForDeploymentPostprocessing = 0;
		};
		F3599F7559F452FF86D06818 /* Sources */ = {
			isa = PBXSourcesBuildPhase;
			buildActionMask = 2147483647;
			files = (
				8B1CF21283E6DA8465838208 /* ReferenceExamplesApp.swift in Sources */,
				7DB8AB39E665EBFBF191651B /* ReferenceExamplesHomeView.swift in Sources */,
				9015484E82CED73D04CFCE6A /* AnalyticsExample.swift in Sources */,
				6D8A0DA58D5AECF9F6917904 /* ArchitectureShowcaseExample.swift in Sources */,
				EBE8C1AE0FADB35464063C0B /* AsyncHookMacroExample.swift in Sources */,
				6FEAC3B19D6D1B9980F857C0 /* AtomMacrosExtendedExample.swift in Sources */,
				F6959878EE98103C20FF4E31 /* CacheExample.swift in Sources */,
				07CBC4F706CE3936DA1FCFBE /* CloudKitIntegrationExample.swift in Sources */,
				EAE95F8D8C06532E95F579A1 /* ComputedMacroExample.swift in Sources */,
				1A8F3AB7AECDB6329A9344D3 /* ECommerceAppExample.swift in Sources */,
				ABFABD6F60A18F7845C3F579 /* FamilyMacrosExample.swift in Sources */,
				7A9EAFB51A43E6EEE8439035 /* FeatureFlagsExample.swift in Sources */,
				21C68815C10B3D635E556A87 /* HookMacrosExtendedExample.swift in Sources */,
				5F010FB922C9B852EC9D0ACF /* Nine_New_Macros_Examples.swift in Sources */,
				72AB23F9A3C6DD878638A558 /* ObservableStateMacroExample.swift in Sources */,
				A8E9AD7A06B05B94E2EE0542 /* PerformanceOptimizationExample.swift in Sources */,
				95C3F925452E5885CBE1B508 /* StateKitFullShowcase.swift in Sources */,
				67DE14E4C9679569ADE017C4 /* SwiftDataIntegrationExample.swift in Sources */,
				93AD6B746325BBECDB951CD0 /* VisionOSExample.swift in Sources */,
			);
			runOnlyForDeploymentPostprocessing = 0;
		};
/* End PBXSourcesBuildPhase section */

/* Begin XCBuildConfiguration section */
		6E3782A8A186199E46EDA7ED /* Release */ = {
			isa = XCBuildConfiguration;
			buildSettings = {
				ASSETCATALOG_COMPILER_APPICON_NAME = AppIcon;
				ASSETCATALOG_COMPILER_GLOBAL_ACCENT_COLOR_NAME = AccentColor;
				CLANG_ENABLE_OBJC_WEAK = NO;
				EXECUTABLE_NAME = ReferenceExamplesApp;
				GENERATE_INFOPLIST_FILE = YES;
				INFOPLIST_KEY_CFBundleDisplayName = ReferenceExamplesApp;
				INFOPLIST_KEY_UIApplicationSceneManifest_Generation = YES;
				INFOPLIST_KEY_UIApplicationSupportsIndirectInputEvents = YES;
				INFOPLIST_KEY_UILaunchScreen_Generation = YES;
				IPHONEOS_DEPLOYMENT_TARGET = 26.2;
				LD_RUNPATH_SEARCH_PATHS = (
					"$(inherited)",
					"@executable_path/Frameworks",
				);
				PRODUCT_BUNDLE_IDENTIFIER = hook.kit.ReferenceExamplesApp;
				PRODUCT_NAME = ReferenceExamplesApp;
				SDKROOT = iphoneos;
				SWIFT_VERSION = 5.0;
				TARGETED_DEVICE_FAMILY = "1,2";
				VALIDATE_PRODUCT = YES;
			};
			name = Release;
		};
		ECADE9CC2F65345F00B4D816 /* Debug */ = {
			isa = XCBuildConfiguration;
			buildSettings = {
				ALWAYS_SEARCH_USER_PATHS = NO;
				ASSETCATALOG_COMPILER_GENERATE_SWIFT_ASSET_SYMBOL_EXTENSIONS = YES;
				CLANG_ANALYZER_NONNULL = YES;
				CLANG_ANALYZER_NUMBER_OBJECT_CONVERSION = YES_AGGRESSIVE;
				CLANG_CXX_LANGUAGE_STANDARD = "gnu++20";
				CLANG_ENABLE_MODULES = YES;
				CLANG_ENABLE_OBJC_ARC = YES;
				CLANG_ENABLE_OBJC_WEAK = YES;
				CLANG_WARN_BLOCK_CAPTURE_AUTORELEASING = YES;
				CLANG_WARN_BOOL_CONVERSION = YES;
				CLANG_WARN_COMMA = YES;
				CLANG_WARN_CONSTANT_CONVERSION = YES;
				CLANG_WARN_DEPRECATED_OBJC_IMPLEMENTATIONS = YES;
				CLANG_WARN_DIRECT_OBJC_ISA_USAGE = YES_ERROR;
				CLANG_WARN_DOCUMENTATION_COMMENTS = YES;
				CLANG_WARN_EMPTY_BODY = YES;
				CLANG_WARN_ENUM_CONVERSION = YES;
				CLANG_WARN_INFINITE_RECURSION = YES;
				CLANG_WARN_INT_CONVERSION = YES;
				CLANG_WARN_NON_LITERAL_NULL_CONVERSION = YES;
				CLANG_WARN_OBJC_IMPLICIT_RETAIN_SELF = YES;
				CLANG_WARN_OBJC_LITERAL_CONVERSION = YES;
				CLANG_WARN_OBJC_ROOT_CLASS = YES_ERROR;
				CLANG_WARN_QUOTED_INCLUDE_IN_FRAMEWORK_HEADER = YES;
				CLANG_WARN_RANGE_LOOP_ANALYSIS = YES;
				CLANG_WARN_STRICT_PROTOTYPES = YES;
				CLANG_WARN_SUSPICIOUS_MOVE = YES;
				CLANG_WARN_UNGUARDED_AVAILABILITY = YES_AGGRESSIVE;
				CLANG_WARN_UNREACHABLE_CODE = YES;
				CLANG_WARN__DUPLICATE_METHOD_MATCH = YES;
				COPY_PHASE_STRIP = NO;
				DEAD_CODE_STRIPPING = YES;
				DEBUG_INFORMATION_FORMAT = dwarf;
				ENABLE_STRICT_OBJC_MSGSEND = YES;
				ENABLE_TESTABILITY = YES;
				ENABLE_USER_SCRIPT_SANDBOXING = YES;
				GCC_C_LANGUAGE_STANDARD = gnu17;
				GCC_DYNAMIC_NO_PIC = NO;
				GCC_NO_COMMON_BLOCKS = YES;
				GCC_OPTIMIZATION_LEVEL = 0;
				GCC_PREPROCESSOR_DEFINITIONS = (
					"DEBUG=1",
					"$(inherited)",
				);
				GCC_WARN_64_TO_32_BIT_CONVERSION = YES;
				GCC_WARN_ABOUT_RETURN_TYPE = YES_ERROR;
				GCC_WARN_UNDECLARED_SELECTOR = YES;
				GCC_WARN_UNINITIALIZED_AUTOS = YES_AGGRESSIVE;
				GCC_WARN_UNUSED_FUNCTION = YES;
				GCC_WARN_UNUSED_VARIABLE = YES;
				LOCALIZATION_PREFERS_STRING_CATALOGS = YES;
				MTL_ENABLE_DEBUG_INFO = INCLUDE_SOURCE;
				MTL_FAST_MATH = YES;
				ONLY_ACTIVE_ARCH = YES;
				STRING_CATALOG_GENERATE_SYMBOLS = YES;
				SWIFT_ACTIVE_COMPILATION_CONDITIONS = "DEBUG $(inherited)";
				SWIFT_OPTIMIZATION_LEVEL = "-Onone";
			};
			name = Debug;
		};
		ECADE9CD2F65345F00B4D816 /* Release */ = {
			isa = XCBuildConfiguration;
			buildSettings = {
				ALWAYS_SEARCH_USER_PATHS = NO;
				ASSETCATALOG_COMPILER_GENERATE_SWIFT_ASSET_SYMBOL_EXTENSIONS = YES;
				CLANG_ANALYZER_NONNULL = YES;
				CLANG_ANALYZER_NUMBER_OBJECT_CONVERSION = YES_AGGRESSIVE;
				CLANG_CXX_LANGUAGE_STANDARD = "gnu++20";
				CLANG_ENABLE_MODULES = YES;
				CLANG_ENABLE_OBJC_ARC = YES;
				CLANG_ENABLE_OBJC_WEAK = YES;
				CLANG_WARN_BLOCK_CAPTURE_AUTORELEASING = YES;
				CLANG_WARN_BOOL_CONVERSION = YES;
				CLANG_WARN_COMMA = YES;
				CLANG_WARN_CONSTANT_CONVERSION = YES;
				CLANG_WARN_DEPRECATED_OBJC_IMPLEMENTATIONS = YES;
				CLANG_WARN_DIRECT_OBJC_ISA_USAGE = YES_ERROR;
				CLANG_WARN_DOCUMENTATION_COMMENTS = YES;
				CLANG_WARN_EMPTY_BODY = YES;
				CLANG_WARN_ENUM_CONVERSION = YES;
				CLANG_WARN_INFINITE_RECURSION = YES;
				CLANG_WARN_INT_CONVERSION = YES;
				CLANG_WARN_NON_LITERAL_NULL_CONVERSION = YES;
				CLANG_WARN_OBJC_IMPLICIT_RETAIN_SELF = YES;
				CLANG_WARN_OBJC_LITERAL_CONVERSION = YES;
				CLANG_WARN_OBJC_ROOT_CLASS = YES_ERROR;
				CLANG_WARN_QUOTED_INCLUDE_IN_FRAMEWORK_HEADER = YES;
				CLANG_WARN_RANGE_LOOP_ANALYSIS = YES;
				CLANG_WARN_STRICT_PROTOTYPES = YES;
				CLANG_WARN_SUSPICIOUS_MOVE = YES;
				CLANG_WARN_UNGUARDED_AVAILABILITY = YES_AGGRESSIVE;
				CLANG_WARN_UNREACHABLE_CODE = YES;
				CLANG_WARN__DUPLICATE_METHOD_MATCH = YES;
				COPY_PHASE_STRIP = NO;
				DEAD_CODE_STRIPPING = YES;
				DEBUG_INFORMATION_FORMAT = "dwarf-with-dsym";
				ENABLE_NS_ASSERTIONS = NO;
				ENABLE_STRICT_OBJC_MSGSEND = YES;
				ENABLE_USER_SCRIPT_SANDBOXING = YES;
				GCC_C_LANGUAGE_STANDARD = gnu17;
				GCC_NO_COMMON_BLOCKS = YES;
				GCC_WARN_64_TO_32_BIT_CONVERSION = YES;
				GCC_WARN_ABOUT_RETURN_TYPE = YES_ERROR;
				GCC_WARN_UNDECLARED_SELECTOR = YES;
				GCC_WARN_UNINITIALIZED_AUTOS = YES_AGGRESSIVE;
				GCC_WARN_UNUSED_FUNCTION = YES;
				GCC_WARN_UNUSED_VARIABLE = YES;
				LOCALIZATION_PREFERS_STRING_CATALOGS = YES;
				MTL_ENABLE_DEBUG_INFO = NO;
				MTL_FAST_MATH = YES;
				STRING_CATALOG_GENERATE_SYMBOLS = YES;
				SWIFT_COMPILATION_MODE = wholemodule;
			};
			name = Release;
		};
		ECADE9CF2F65345F00B4D816 /* Debug */ = {
			isa = XCBuildConfiguration;
			buildSettings = {
				ASSETCATALOG_COMPILER_APPICON_NAME = AppIcon;
				ASSETCATALOG_COMPILER_GLOBAL_ACCENT_COLOR_NAME = AccentColor;
				CODE_SIGN_STYLE = Automatic;
				CURRENT_PROJECT_VERSION = 1;
				DEAD_CODE_STRIPPING = YES;
				DEVELOPMENT_TEAM = 2H5PN3F9B6;
				ENABLE_APP_SANDBOX = YES;
				ENABLE_PREVIEWS = YES;
				ENABLE_USER_SELECTED_FILES = readonly;
				GENERATE_INFOPLIST_FILE = YES;
				"INFOPLIST_KEY_UIApplicationSceneManifest_Generation[sdk=iphoneos*]" = YES;
				"INFOPLIST_KEY_UIApplicationSceneManifest_Generation[sdk=iphonesimulator*]" = YES;
				"INFOPLIST_KEY_UIApplicationSupportsIndirectInputEvents[sdk=iphoneos*]" = YES;
				"INFOPLIST_KEY_UIApplicationSupportsIndirectInputEvents[sdk=iphonesimulator*]" = YES;
				"INFOPLIST_KEY_UILaunchScreen_Generation[sdk=iphoneos*]" = YES;
				"INFOPLIST_KEY_UILaunchScreen_Generation[sdk=iphonesimulator*]" = YES;
				"INFOPLIST_KEY_UIStatusBarStyle[sdk=iphoneos*]" = UIStatusBarStyleDefault;
				"INFOPLIST_KEY_UIStatusBarStyle[sdk=iphonesimulator*]" = UIStatusBarStyleDefault;
				INFOPLIST_KEY_UISupportedInterfaceOrientations_iPad = "UIInterfaceOrientationPortrait UIInterfaceOrientationPortraitUpsideDown UIInterfaceOrientationLandscapeLeft UIInterfaceOrientationLandscapeRight";
				INFOPLIST_KEY_UISupportedInterfaceOrientations_iPhone = "UIInterfaceOrientationPortrait UIInterfaceOrientationLandscapeLeft UIInterfaceOrientationLandscapeRight";
				IPHONEOS_DEPLOYMENT_TARGET = 26.2;
				LD_RUNPATH_SEARCH_PATHS = "@executable_path/Frameworks";
				"LD_RUNPATH_SEARCH_PATHS[sdk=macosx*]" = "@executable_path/../Frameworks";
				MACOSX_DEPLOYMENT_TARGET = 26.2;
				MARKETING_VERSION = 1.0;
				PRODUCT_BUNDLE_IDENTIFIER = hook.kit.CaseStudies;
				PRODUCT_NAME = "$(TARGET_NAME)";
				REGISTER_APP_GROUPS = YES;
				SDKROOT = auto;
				STRING_CATALOG_GENERATE_SYMBOLS = YES;
				SUPPORTED_PLATFORMS = "iphoneos iphonesimulator macosx xros xrsimulator";
				SWIFT_APPROACHABLE_CONCURRENCY = YES;
				SWIFT_DEFAULT_ACTOR_ISOLATION = MainActor;
				SWIFT_EMIT_LOC_STRINGS = YES;
				SWIFT_UPCOMING_FEATURE_MEMBER_IMPORT_VISIBILITY = YES;
				SWIFT_VERSION = 5.0;
				TARGETED_DEVICE_FAMILY = "1,2,7";
				XROS_DEPLOYMENT_TARGET = 26.2;
			};
			name = Debug;
		};
		ECADE9D02F65345F00B4D816 /* Release */ = {
			isa = XCBuildConfiguration;
			buildSettings = {
				ASSETCATALOG_COMPILER_APPICON_NAME = AppIcon;
				ASSETCATALOG_COMPILER_GLOBAL_ACCENT_COLOR_NAME = AccentColor;
				CODE_SIGN_STYLE = Automatic;
				CURRENT_PROJECT_VERSION = 1;
				DEAD_CODE_STRIPPING = YES;
				DEVELOPMENT_TEAM = 2H5PN3F9B6;
				ENABLE_APP_SANDBOX = YES;
				ENABLE_PREVIEWS = YES;
				ENABLE_USER_SELECTED_FILES = readonly;
				GENERATE_INFOPLIST_FILE = YES;
				"INFOPLIST_KEY_UIApplicationSceneManifest_Generation[sdk=iphoneos*]" = YES;
				"INFOPLIST_KEY_UIApplicationSceneManifest_Generation[sdk=iphonesimulator*]" = YES;
				"INFOPLIST_KEY_UIApplicationSupportsIndirectInputEvents[sdk=iphoneos*]" = YES;
				"INFOPLIST_KEY_UIApplicationSupportsIndirectInputEvents[sdk=iphonesimulator*]" = YES;
				"INFOPLIST_KEY_UILaunchScreen_Generation[sdk=iphoneos*]" = YES;
				"INFOPLIST_KEY_UILaunchScreen_Generation[sdk=iphonesimulator*]" = YES;
				"INFOPLIST_KEY_UIStatusBarStyle[sdk=iphoneos*]" = UIStatusBarStyleDefault;
				"INFOPLIST_KEY_UIStatusBarStyle[sdk=iphonesimulator*]" = UIStatusBarStyleDefault;
				INFOPLIST_KEY_UISupportedInterfaceOrientations_iPad = "UIInterfaceOrientationPortrait UIInterfaceOrientationPortraitUpsideDown UIInterfaceOrientationLandscapeLeft UIInterfaceOrientationLandscapeRight";
				INFOPLIST_KEY_UISupportedInterfaceOrientations_iPhone = "UIInterfaceOrientationPortrait UIInterfaceOrientationLandscapeLeft UIInterfaceOrientationLandscapeRight";
				IPHONEOS_DEPLOYMENT_TARGET = 26.2;
				LD_RUNPATH_SEARCH_PATHS = "@executable_path/Frameworks";
				"LD_RUNPATH_SEARCH_PATHS[sdk=macosx*]" = "@executable_path/../Frameworks";
				MACOSX_DEPLOYMENT_TARGET = 26.2;
				MARKETING_VERSION = 1.0;
				PRODUCT_BUNDLE_IDENTIFIER = hook.kit.CaseStudies;
				PRODUCT_NAME = "$(TARGET_NAME)";
				REGISTER_APP_GROUPS = YES;
				SDKROOT = auto;
				STRING_CATALOG_GENERATE_SYMBOLS = YES;
				SUPPORTED_PLATFORMS = "iphoneos iphonesimulator macosx xros xrsimulator";
				SWIFT_APPROACHABLE_CONCURRENCY = YES;
				SWIFT_DEFAULT_ACTOR_ISOLATION = MainActor;
				SWIFT_EMIT_LOC_STRINGS = YES;
				SWIFT_UPCOMING_FEATURE_MEMBER_IMPORT_VISIBILITY = YES;
				SWIFT_VERSION = 5.0;
				TARGETED_DEVICE_FAMILY = "1,2,7";
				XROS_DEPLOYMENT_TARGET = 26.2;
			};
			name = Release;
		};
		FA1AD936EDE8ACC3BDF1270B /* Debug */ = {
			isa = XCBuildConfiguration;
			buildSettings = {
				ASSETCATALOG_COMPILER_APPICON_NAME = AppIcon;
				ASSETCATALOG_COMPILER_GLOBAL_ACCENT_COLOR_NAME = AccentColor;
				CLANG_ENABLE_OBJC_WEAK = NO;
				EXECUTABLE_NAME = ReferenceExamplesApp;
				GENERATE_INFOPLIST_FILE = YES;
				INFOPLIST_KEY_CFBundleDisplayName = ReferenceExamplesApp;
				INFOPLIST_KEY_UIApplicationSceneManifest_Generation = YES;
				INFOPLIST_KEY_UIApplicationSupportsIndirectInputEvents = YES;
				INFOPLIST_KEY_UILaunchScreen_Generation = YES;
				IPHONEOS_DEPLOYMENT_TARGET = 26.2;
				LD_RUNPATH_SEARCH_PATHS = (
					"$(inherited)",
					"@executable_path/Frameworks",
				);
				PRODUCT_BUNDLE_IDENTIFIER = hook.kit.ReferenceExamplesApp;
				PRODUCT_NAME = ReferenceExamplesApp;
				SDKROOT = iphoneos;
				SWIFT_VERSION = 5.0;
				TARGETED_DEVICE_FAMILY = "1,2";
			};
			name = Debug;
		};
/* End XCBuildConfiguration section */

/* Begin XCConfigurationList section */
		B34968BD7828C16DE0D87B7F /* Build configuration list for PBXNativeTarget "ReferenceExamplesApp" */ = {
			isa = XCConfigurationList;
			buildConfigurations = (
				6E3782A8A186199E46EDA7ED /* Release */,
				FA1AD936EDE8ACC3BDF1270B /* Debug */,
			);
			defaultConfigurationIsVisible = 0;
			defaultConfigurationName = Release;
		};
		ECADE9BE2F65345E00B4D816 /* Build configuration list for PBXProject "CaseStudies" */ = {
			isa = XCConfigurationList;
			buildConfigurations = (
				ECADE9CC2F65345F00B4D816 /* Debug */,
				ECADE9CD2F65345F00B4D816 /* Release */,
			);
			defaultConfigurationIsVisible = 0;
			defaultConfigurationName = Release;
		};
		ECADE9CE2F65345F00B4D816 /* Build configuration list for PBXNativeTarget "CaseStudies" */ = {
			isa = XCConfigurationList;
			buildConfigurations = (
				ECADE9CF2F65345F00B4D816 /* Debug */,
				ECADE9D02F65345F00B4D816 /* Release */,
			);
			defaultConfigurationIsVisible = 0;
			defaultConfigurationName = Release;
		};
/* End XCConfigurationList section */

/* Begin XCLocalSwiftPackageReference section */
		9AD747FB2F9D00FE008D66BB /* XCLocalSwiftPackageReference "../../../state-kit" */ = {
			isa = XCLocalSwiftPackageReference;
			relativePath = "../../../state-kit";
		};
/* End XCLocalSwiftPackageReference section */

/* Begin XCRemoteSwiftPackageReference section */
		9A9534172F83E8AB00F5F87F /* XCRemoteSwiftPackageReference "textual" */ = {
			isa = XCRemoteSwiftPackageReference;
			repositoryURL = "https://github.com/gonzalezreal/textual";
			requirement = {
				kind = upToNextMajorVersion;
				minimumVersion = 0.3.1;
			};
		};
/* End XCRemoteSwiftPackageReference section */

/* Begin XCSwiftPackageProductDependency section */
		9A9534182F83E8AB00F5F87F /* Textual */ = {
			isa = XCSwiftPackageProductDependency;
			package = 9A9534172F83E8AB00F5F87F /* XCRemoteSwiftPackageReference "textual" */;
			productName = Textual;
		};
		9AB0D6362FB7F0DA001FB12D /* Riverpods */ = {
			isa = XCSwiftPackageProductDependency;
			package = 9AD747FB2F9D00FE008D66BB /* XCLocalSwiftPackageReference "../../../state-kit" */;
			productName = Riverpods;
		};
		9AD747FC2F9D00FE008D66BB /* StateKit */ = {
			isa = XCSwiftPackageProductDependency;
			productName = StateKit;
		};
		9AD747FE2F9D00FE008D66BB /* StateKitAtoms */ = {
			isa = XCSwiftPackageProductDependency;
			productName = StateKitAtoms;
		};
		9AD748002F9D00FE008D66BB /* StateKitCombine */ = {
			isa = XCSwiftPackageProductDependency;
			productName = StateKitCombine;
		};
		9AD748022F9D00FE008D66BB /* StateKitCore */ = {
			isa = XCSwiftPackageProductDependency;
			productName = StateKitCore;
		};
		9AD748042F9D00FE008D66BB /* StateKitDevTools */ = {
			isa = XCSwiftPackageProductDependency;
			productName = StateKitDevTools;
		};
		9AD748062F9D00FE008D66BB /* StateKitSupport */ = {
			isa = XCSwiftPackageProductDependency;
			productName = StateKitSupport;
		};
		9AD748082F9D00FE008D66BB /* StateKitTesting */ = {
			isa = XCSwiftPackageProductDependency;
			productName = StateKitTesting;
		};
		9AD7480A2F9D00FE008D66BB /* StateKitUI */ = {
			isa = XCSwiftPackageProductDependency;
			productName = StateKitUI;
		};
		EC5E79382F659FF8006164B0 /* StateKit */ = {
			isa = XCSwiftPackageProductDependency;
			productName = StateKit;
		};
		EC5E793A2F659FF8006164B0 /* StateKitCombine */ = {
			isa = XCSwiftPackageProductDependency;
			productName = StateKitCombine;
		};
		EC5E793C2F659FF8006164B0 /* StateKitCore */ = {
			isa = XCSwiftPackageProductDependency;
			productName = StateKitCore;
		};
		EC5E793E2F659FF8006164B0 /* StateKitDevTools */ = {
			isa = XCSwiftPackageProductDependency;
			productName = StateKitDevTools;
		};
		EC5E79402F659FF8006164B0 /* StateKitSupport */ = {
			isa = XCSwiftPackageProductDependency;
			productName = StateKitSupport;
		};
		EC5E79422F659FF8006164B0 /* StateKitTesting */ = {
			isa = XCSwiftPackageProductDependency;
			productName = StateKitTesting;
		};
		EC5E79442F659FF8006164B0 /* StateKitUI */ = {
			isa = XCSwiftPackageProductDependency;
			productName = StateKitUI;
		};
/* End XCSwiftPackageProductDependency section */
	};
	rootObject = ECADE9BB2F65345E00B4D816 /* Project object */;
}
